// !$*UTF8*$!
{
	archiveVersion = 1;
	classes = {
	};
	objectVersion = 46;
	objects = {

/* Begin PBXBuildFile section */
		0A39034BDEBA9843094A01D9 /* Pods_Gym_partner.framework in Frameworks */ = {isa = PBXBuildFile; fileRef = 728B66BA2697BBA86F02D2C5 /* Pods_Gym_partner.framework */; };
		68909B2D1F6EBEF300B9C97A /* AppDelegate.swift in Sources */ = {isa = PBXBuildFile; fileRef = 68909B2C1F6EBEF300B9C97A /* AppDelegate.swift */; };
		68909B2F1F6EBEF300B9C97A /* ViewController.swift in Sources */ = {isa = PBXBuildFile; fileRef = 68909B2E1F6EBEF300B9C97A /* ViewController.swift */; };
		68909B321F6EBEF400B9C97A /* Main.storyboard in Resources */ = {isa = PBXBuildFile; fileRef = 68909B301F6EBEF400B9C97A /* Main.storyboard */; };
		68909B341F6EBEF400B9C97A /* Assets.xcassets in Resources */ = {isa = PBXBuildFile; fileRef = 68909B331F6EBEF400B9C97A /* Assets.xcassets */; };
		68909B371F6EBEF400B9C97A /* LaunchScreen.storyboard in Resources */ = {isa = PBXBuildFile; fileRef = 68909B351F6EBEF400B9C97A /* LaunchScreen.storyboard */; };
		68909B3F1F6EC0A900B9C97A /* GoogleService-Info.plist in Resources */ = {isa = PBXBuildFile; fileRef = 68909B3E1F6EC0A900B9C97A /* GoogleService-Info.plist */; };
/* End PBXBuildFile section */

/* Begin PBXFileReference section */
		68909B291F6EBEF300B9C97A /* Gym-partner.app */ = {isa = PBXFileReference; explicitFileType = wrapper.application; includeInIndex = 0; path = "Gym-partner.app"; sourceTree = BUILT_PRODUCTS_DIR; };
		68909B2C1F6EBEF300B9C97A /* AppDelegate.swift */ = {isa = PBXFileReference; lastKnownFileType = sourcecode.swift; path = AppDelegate.swift; sourceTree = "<group>"; };
		68909B2E1F6EBEF300B9C97A /* ViewController.swift */ = {isa = PBXFileReference; lastKnownFileType = sourcecode.swift; path = ViewController.swift; sourceTree = "<group>"; };
		68909B311F6EBEF400B9C97A /* Base */ = {isa = PBXFileReference; lastKnownFileType = file.storyboard; name = Base; path = Base.lproj/Main.storyboard; sourceTree = "<group>"; };
		68909B331F6EBEF400B9C97A /* Assets.xcassets */ = {isa = PBXFileReference; lastKnownFileType = folder.assetcatalog; path = Assets.xcassets; sourceTree = "<group>"; };
		68909B361F6EBEF400B9C97A /* Base */ = {isa = PBXFileReference; lastKnownFileType = file.storyboard; name = Base; path = Base.lproj/LaunchScreen.storyboard; sourceTree = "<group>"; };
		68909B381F6EBEF400B9C97A /* Info.plist */ = {isa = PBXFileReference; lastKnownFileType = text.plist.xml; path = Info.plist; sourceTree = "<group>"; };
		68909B3E1F6EC0A900B9C97A /* GoogleService-Info.plist */ = {isa = PBXFileReference; fileEncoding = 4; lastKnownFileType = text.plist.xml; path = "GoogleService-Info.plist"; sourceTree = "<group>"; };
		728B66BA2697BBA86F02D2C5 /* Pods_Gym_partner.framework */ = {isa = PBXFileReference; explicitFileType = wrapper.framework; includeInIndex = 0; path = Pods_Gym_partner.framework; sourceTree = BUILT_PRODUCTS_DIR; };
		B4AF093C1DC0D6D0E62804DA /* Pods-Gym-partner.debug.xcconfig */ = {isa = PBXFileReference; includeInIndex = 1; lastKnownFileType = text.xcconfig; name = "Pods-Gym-partner.debug.xcconfig"; path = "Pods/Target Support Files/Pods-Gym-partner/Pods-Gym-partner.debug.xcconfig"; sourceTree = "<group>"; };
		E741C0878E126A785FE7DD85 /* Pods-Gym-partner.release.xcconfig */ = {isa = PBXFileReference; includeInIndex = 1; lastKnownFileType = text.xcconfig; name = "Pods-Gym-partner.release.xcconfig"; path = "Pods/Target Support Files/Pods-Gym-partner/Pods-Gym-partner.release.xcconfig"; sourceTree = "<group>"; };
/* End PBXFileReference section */

/* Begin PBXFrameworksBuildPhase section */
		68909B261F6EBEF300B9C97A /* Frameworks */ = {
			isa = PBXFrameworksBuildPhase;
			buildActionMask = 2147483647;
			files = (
				0A39034BDEBA9843094A01D9 /* Pods_Gym_partner.framework in Frameworks */,
			);
			runOnlyForDeploymentPostprocessing = 0;
		};
/* End PBXFrameworksBuildPhase section */

/* Begin PBXGroup section */
		18317B95C21F4CAC3B5987A0 /* Pods */ = {
			isa = PBXGroup;
			children = (
				B4AF093C1DC0D6D0E62804DA /* Pods-Gym-partner.debug.xcconfig */,
				E741C0878E126A785FE7DD85 /* Pods-Gym-partner.release.xcconfig */,
			);
			name = Pods;
			sourceTree = "<group>";
		};
		4EE5C501795CE3954FFB477B /* Frameworks */ = {
			isa = PBXGroup;
			children = (
				728B66BA2697BBA86F02D2C5 /* Pods_Gym_partner.framework */,
			);
			name = Frameworks;
			sourceTree = "<group>";
		};
		68909B201F6EBEF300B9C97A = {
			isa = PBXGroup;
			children = (
				68909B2B1F6EBEF300B9C97A /* Gym-partner */,
				68909B2A1F6EBEF300B9C97A /* Products */,
				18317B95C21F4CAC3B5987A0 /* Pods */,
				4EE5C501795CE3954FFB477B /* Frameworks */,
			);
			sourceTree = "<group>";
		};
		68909B2A1F6EBEF300B9C97A /* Products */ = {
			isa = PBXGroup;
			children = (
				68909B291F6EBEF300B9C97A /* Gym-partner.app */,
			);
			name = Products;
			sourceTree = "<group>";
		};
		68909B2B1F6EBEF300B9C97A /* Gym-partner */ = {
			isa = PBXGroup;
			children = (
				68909B2C1F6EBEF300B9C97A /* AppDelegate.swift */,
				68909B2E1F6EBEF300B9C97A /* ViewController.swift */,
				68909B301F6EBEF400B9C97A /* Main.storyboard */,
				68909B331F6EBEF400B9C97A /* Assets.xcassets */,
				68909B351F6EBEF400B9C97A /* LaunchScreen.storyboard */,
				68909B381F6EBEF400B9C97A /* Info.plist */,
				68909B3E1F6EC0A900B9C97A /* GoogleService-Info.plist */,
			);
			path = "Gym-partner";
			sourceTree = "<group>";
		};
/* End PBXGroup section */

/* Begin PBXNativeTarget section */
		68909B281F6EBEF300B9C97A /* Gym-partner */ = {
			isa = PBXNativeTarget;
			buildConfigurationList = 68909B3B1F6EBEF400B9C97A /* Build configuration list for PBXNativeTarget "Gym-partner" */;
			buildPhases = (
				37F5992DBB46A56FBA850A8C /* [CP] Check Pods Manifest.lock */,
				68909B251F6EBEF300B9C97A /* Sources */,
				68909B261F6EBEF300B9C97A /* Frameworks */,
				68909B271F6EBEF300B9C97A /* Resources */,
				33313F07235AA71A03D4B302 /* [CP] Embed Pods Frameworks */,
				D6B9ECF03A9A313A1EEE2F39 /* [CP] Copy Pods Resources */,
			);
			buildRules = (
			);
			dependencies = (
			);
			name = "Gym-partner";
			productName = "Gym-partner";
			productReference = 68909B291F6EBEF300B9C97A /* Gym-partner.app */;
			productType = "com.apple.product-type.application";
		};
/* End PBXNativeTarget section */

/* Begin PBXProject section */
		68909B211F6EBEF300B9C97A /* Project object */ = {
			isa = PBXProject;
			attributes = {
				LastSwiftUpdateCheck = 0830;
				LastUpgradeCheck = 0830;
				ORGANIZATIONNAME = "Bahir Ibrahim";
				TargetAttributes = {
					68909B281F6EBEF300B9C97A = {
						CreatedOnToolsVersion = 8.3.3;
						ProvisioningStyle = Automatic;
					};
				};
			};
			buildConfigurationList = 68909B241F6EBEF300B9C97A /* Build configuration list for PBXProject "Gym-partner" */;
			compatibilityVersion = "Xcode 3.2";
			developmentRegion = English;
			hasScannedForEncodings = 0;
			knownRegions = (
				en,
				Base,
			);
			mainGroup = 68909B201F6EBEF300B9C97A;
			productRefGroup = 68909B2A1F6EBEF300B9C97A /* Products */;
			projectDirPath = "";
			projectRoot = "";
			targets = (
				68909B281F6EBEF300B9C97A /* Gym-partner */,
			);
		};
/* End PBXProject section */

/* Begin PBXResourcesBuildPhase section */
		68909B271F6EBEF300B9C97A /* Resources */ = {
			isa = PBXResourcesBuildPhase;
			buildActionMask = 2147483647;
			files = (
				68909B371F6EBEF400B9C97A /* LaunchScreen.storyboard in Resources */,
				68909B3F1F6EC0A900B9C97A /* GoogleService-Info.plist in Resources */,
				68909B341F6EBEF400B9C97A /* Assets.xcassets in Resources */,
				68909B321F6EBEF400B9C97A /* Main.storyboard in Resources */,
			);
			runOnlyForDeploymentPostprocessing = 0;
		};
/* End PBXResourcesBuildPhase section */

/* Begin PBXShellScriptBuildPhase section */
		33313F07235AA71A03D4B302 /* [CP] Embed Pods Frameworks */ = {
			isa = PBXShellScriptBuildPhase;
			buildActionMask = 2147483647;
			files = (
			);
			inputPaths = (
				"${SRCROOT}/Pods/Target Support Files/Pods-Gym-partner/Pods-Gym-partner-frameworks.sh",
				"${BUILT_PRODUCTS_DIR}/GTMSessionFetcher/GTMSessionFetcher.framework",
				"${BUILT_PRODUCTS_DIR}/GoogleToolboxForMac/GoogleToolboxForMac.framework",
				"${BUILT_PRODUCTS_DIR}/leveldb-library/leveldb.framework",
				"${BUILT_PRODUCTS_DIR}/nanopb/nanopb.framework",
			);
			name = "[CP] Embed Pods Frameworks";
			outputPaths = (
				"${TARGET_BUILD_DIR}/${FRAMEWORKS_FOLDER_PATH}/GTMSessionFetcher.framework",
				"${TARGET_BUILD_DIR}/${FRAMEWORKS_FOLDER_PATH}/GoogleToolboxForMac.framework",
				"${TARGET_BUILD_DIR}/${FRAMEWORKS_FOLDER_PATH}/leveldb.framework",
				"${TARGET_BUILD_DIR}/${FRAMEWORKS_FOLDER_PATH}/nanopb.framework",
			);
			runOnlyForDeploymentPostprocessing = 0;
			shellPath = /bin/sh;
			shellScript = "\"${SRCROOT}/Pods/Target Support Files/Pods-Gym-partner/Pods-Gym-partner-frameworks.sh\"\n";
			showEnvVarsInLog = 0;
		};
		37F5992DBB46A56FBA850A8C /* [CP] Check Pods Manifest.lock */ = {
			isa = PBXShellScriptBuildPhase;
			buildActionMask = 2147483647;
			files = (
			);
			inputPaths = (
				"${PODS_PODFILE_DIR_PATH}/Podfile.lock",
				"${PODS_ROOT}/Manifest.lock",
			);
			name = "[CP] Check Pods Manifest.lock";
			outputPaths = (
				"$(DERIVED_FILE_DIR)/Pods-Gym-partner-checkManifestLockResult.txt",
			);
			runOnlyForDeploymentPostprocessing = 0;
			shellPath = /bin/sh;
			shellScript = "diff \"${PODS_PODFILE_DIR_PATH}/Podfile.lock\" \"${PODS_ROOT}/Manifest.lock\" > /dev/null\nif [ $? != 0 ] ; then\n    # print error to STDERR\n    echo \"error: The sandbox is not in sync with the Podfile.lock. Run 'pod install' or update your CocoaPods installation.\" >&2\n    exit 1\nfi\n# This output is used by Xcode 'outputs' to avoid re-running this script phase.\necho \"SUCCESS\" > \"${SCRIPT_OUTPUT_FILE_0}\"\n";
			showEnvVarsInLog = 0;
		};
		D6B9ECF03A9A313A1EEE2F39 /* [CP] Copy Pods Resources */ = {
			isa = PBXShellScriptBuildPhase;
			buildActionMask = 2147483647;
			files = (
			);
			inputPaths = (
			);
			name = "[CP] Copy Pods Resources";
			outputPaths = (
			);
			runOnlyForDeploymentPostprocessing = 0;
			shellPath = /bin/sh;
			shellScript = "\"${SRCROOT}/Pods/Target Support Files/Pods-Gym-partner/Pods-Gym-partner-resources.sh\"\n";
			showEnvVarsInLog = 0;
		};
/* End PBXShellScriptBuildPhase section */

/* Begin PBXSourcesBuildPhase section */
		68909B251F6EBEF300B9C97A /* Sources */ = {
			isa = PBXSourcesBuildPhase;
			buildActionMask = 2147483647;
			files = (
				68909B2F1F6EBEF300B9C97A /* ViewController.swift in Sources */,
				68909B2D1F6EBEF300B9C97A /* AppDelegate.swift in Sources */,
			);
			runOnlyForDeploymentPostprocessing = 0;
		};
/* End PBXSourcesBuildPhase section */

/* Begin PBXVariantGroup section */
		68909B301F6EBEF400B9C97A /* Main.storyboard */ = {
			isa = PBXVariantGroup;
			children = (
				68909B311F6EBEF400B9C97A /* Base */,
			);
			name = Main.storyboard;
			sourceTree = "<group>";
		};
		68909B351F6EBEF400B9C97A /* LaunchScreen.storyboard */ = {
			isa = PBXVariantGroup;
			children = (
				68909B361F6EBEF400B9C97A /* Base */,
			);
			name = LaunchScreen.storyboard;
			sourceTree = "<group>";
		};
/* End PBXVariantGroup section */

/* Begin XCBuildConfiguration section */
		68909B391F6EBEF400B9C97A /* Debug */ = {
			isa = XCBuildConfiguration;
			buildSettings = {
				ALWAYS_SEARCH_USER_PATHS = NO;
				CLANG_ANALYZER_NONNULL = YES;
				CLANG_ANALYZER_NUMBER_OBJECT_CONVERSION = YES_AGGRESSIVE;
				CLANG_CXX_LANGUAGE_STANDARD = "gnu++0x";
				CLANG_CXX_LIBRARY = "libc++";
				CLANG_ENABLE_MODULES = YES;
				CLANG_ENABLE_OBJC_ARC = YES;
				CLANG_WARN_BOOL_CONVERSION = YES;
				CLANG_WARN_CONSTANT_CONVERSION = YES;
				CLANG_WARN_DIRECT_OBJC_ISA_USAGE = YES_ERROR;
				CLANG_WARN_DOCUMENTATION_COMMENTS = YES;
				CLANG_WARN_EMPTY_BODY = YES;
				CLANG_WARN_ENUM_CONVERSION = YES;
				CLANG_WARN_INFINITE_RECURSION = YES;
				CLANG_WARN_INT_CONVERSION = YES;
				CLANG_WARN_OBJC_ROOT_CLASS = YES_ERROR;
				CLANG_WARN_SUSPICIOUS_MOVE = YES;
				CLANG_WARN_UNREACHABLE_CODE = YES;
				CLANG_WARN__DUPLICATE_METHOD_MATCH = YES;
				"CODE_SIGN_IDENTITY[sdk=iphoneos*]" = "iPhone Developer";
				COPY_PHASE_STRIP = NO;
				DEBUG_INFORMATION_FORMAT = dwarf;
				ENABLE_STRICT_OBJC_MSGSEND = YES;
				ENABLE_TESTABILITY = YES;
				GCC_C_LANGUAGE_STANDARD = gnu99;
				GCC_DYNAMIC_NO_PIC = NO;
				GCC_NO_COMMON_BLOCKS = YES;
				GCC_OPTIMIZATION_LEVEL = 0;
				GCC_PREPROCESSOR_DEFINITIONS = (
					"DEBUG=1",
					"$(inherited)",
				);
				GCC_WARN_64_TO_32_BIT_CONVERSION = YES;
				GCC_WARN_ABOUT_RETURN_TYPE = YES_ERROR;
				GCC_WARN_UNDECLARED_SELECTOR = YES;
				GCC_WARN_UNINITIALIZED_AUTOS = YES_AGGRESSIVE;
				GCC_WARN_UNUSED_FUNCTION = YES;
				GCC_WARN_UNUSED_VARIABLE = YES;
				IPHONEOS_DEPLOYMENT_TARGET = 10.3;
				MTL_ENABLE_DEBUG_INFO = YES;
				ONLY_ACTIVE_ARCH = YES;
				SDKROOT = iphoneos;
				SWIFT_ACTIVE_COMPILATION_CONDITIONS = DEBUG;
				SWIFT_OPTIMIZATION_LEVEL = "-Onone";
				TARGETED_DEVICE_FAMILY = "1,2";
			};
			name = Debug;
		};
		68909B3A1F6EBEF400B9C97A /* Release */ = {
			isa = XCBuildConfiguration;
			buildSettings = {
				ALWAYS_SEARCH_USER_PATHS = NO;
				CLANG_ANALYZER_NONNULL = YES;
				CLANG_ANALYZER_NUMBER_OBJECT_CONVERSION = YES_AGGRESSIVE;
				CLANG_CXX_LANGUAGE_STANDARD = "gnu++0x";
				CLANG_CXX_LIBRARY = "libc++";
				CLANG_ENABLE_MODULES = YES;
				CLANG_ENABLE_OBJC_ARC = YES;
				CLANG_WARN_BOOL_CONVERSION = YES;
				CLANG_WARN_CONSTANT_CONVERSION = YES;
				CLANG_WARN_DIRECT_OBJC_ISA_USAGE = YES_ERROR;
				CLANG_WARN_DOCUMENTATION_COMMENTS = YES;
				CLANG_WARN_EMPTY_BODY = YES;
				CLANG_WARN_ENUM_CONVERSION = YES;
				CLANG_WARN_INFINITE_RECURSION = YES;
				CLANG_WARN_INT_CONVERSION = YES;
				CLANG_WARN_OBJC_ROOT_CLASS = YES_ERROR;
				CLANG_WARN_SUSPICIOUS_MOVE = YES;
				CLANG_WARN_UNREACHABLE_CODE = YES;
				CLANG_WARN__DUPLICATE_METHOD_MATCH = YES;
				"CODE_SIGN_IDENTITY[sdk=iphoneos*]" = "iPhone Developer";
				COPY_PHASE_STRIP = NO;
				DEBUG_INFORMATION_FORMAT = "dwarf-with-dsym";
				ENABLE_NS_ASSERTIONS = NO;
				ENABLE_STRICT_OBJC_MSGSEND = YES;
				GCC_C_LANGUAGE_STANDARD = gnu99;
				GCC_NO_COMMON_BLOCKS = YES;
				GCC_WARN_64_TO_32_BIT_CONVERSION = YES;
				GCC_WARN_ABOUT_RETURN_TYPE = YES_ERROR;
				GCC_WARN_UNDECLARED_SELECTOR = YES;
				GCC_WARN_UNINITIALIZED_AUTOS = YES_AGGRESSIVE;
				GCC_WARN_UNUSED_FUNCTION = YES;
				GCC_WARN_UNUSED_VARIABLE = YES;
				IPHONEOS_DEPLOYMENT_TARGET = 10.3;
				MTL_ENABLE_DEBUG_INFO = NO;
				SDKROOT = iphoneos;
				SWIFT_OPTIMIZATION_LEVEL = "-Owholemodule";
				TARGETED_DEVICE_FAMILY = "1,2";
				VALIDATE_PRODUCT = YES;
			};
			name = Release;
		};
		68909B3C1F6EBEF400B9C97A /* Debug */ = {
			isa = XCBuildConfiguration;
			baseConfigurationReference = B4AF093C1DC0D6D0E62804DA /* Pods-Gym-partner.debug.xcconfig */;
			buildSettings = {
				ASSETCATALOG_COMPILER_APPICON_NAME = AppIcon;
				INFOPLIST_FILE = "Gym-partner/Info.plist";
				LD_RUNPATH_SEARCH_PATHS = "$(inherited) @executable_path/Frameworks";
				PRODUCT_BUNDLE_IDENTIFIER = "maplin.Gym-partner";
				PRODUCT_NAME = "$(TARGET_NAME)";
				SWIFT_VERSION = 3.0;
				TARGETED_DEVICE_FAMILY = "1,2";
			};
			name = Debug;
		};
		68909B3D1F6EBEF400B9C97A /* Release */ = {
			isa = XCBuildConfiguration;
			baseConfigurationReference = E741C0878E126A785FE7DD85 /* Pods-Gym-partner.release.xcconfig */;
			buildSettings = {
				ASSETCATALOG_COMPILER_APPICON_NAME = AppIcon;
				INFOPLIST_FILE = "Gym-partner/Info.plist";
				LD_RUNPATH_SEARCH_PATHS = "$(inherited) @executable_path/Frameworks";
				PRODUCT_BUNDLE_IDENTIFIER = "maplin.Gym-partner";
				PRODUCT_NAME = "$(TARGET_NAME)";
				SWIFT_VERSION = 3.0;
				TARGETED_DEVICE_FAMILY = "1,2";
			};
			name = Release;
		};
/* End XCBuildConfiguration section */

/* Begin XCConfigurationList section */
		68909B241F6EBEF300B9C97A /* Build configuration list for PBXProject "Gym-partner" */ = {
			isa = XCConfigurationList;
			buildConfigurations = (
				68909B391F6EBEF400B9C97A /* Debug */,
				68909B3A1F6EBEF400B9C97A /* Release */,
			);
			defaultConfigurationIsVisible = 0;
			defaultConfigurationName = Release;
		};
		68909B3B1F6EBEF400B9C97A /* Build configuration list for PBXNativeTarget "Gym-partner" */ = {
			isa = XCConfigurationList;
			buildConfigurations = (
				68909B3C1F6EBEF400B9C97A /* Debug */,
				68909B3D1F6EBEF400B9C97A /* Release */,
			);
			defaultConfigurationIsVisible = 0;
			defaultConfigurationName = Release;
		};
/* End XCConfigurationList section */
	};
	rootObject = 68909B211F6EBEF300B9C97A /* Project object */;
}
